// !$*UTF8*$!
{
	archiveVersion = 1;
	classes = {
	};
	objectVersion = 46;
	objects = {

/* Begin PBXBuildFile section */
		0B4F576A297936CF001E794B /* SideMenuCell.xib in Resources */ = {isa = PBXBuildFile; fileRef = 0B4F5768297936CF001E794B /* SideMenuCell.xib */; };
		0B4F577C29794B7D001E794B /* Main.storyboard in Resources */ = {isa = PBXBuildFile; fileRef = 0B4F577B29794B7D001E794B /* Main.storyboard */; };
		0B4F577D29794B7D001E794B /* Main.storyboard in Resources */ = {isa = PBXBuildFile; fileRef = 0B4F577B29794B7D001E794B /* Main.storyboard */; };
		0BC2BAAE297A5F82007EDB45 /* MusicScreen.swift in Sources */ = {isa = PBXBuildFile; fileRef = 0BC2BAAB297A5F82007EDB45 /* MusicScreen.swift */; };
		0BC2BAAF297A5F82007EDB45 /* WelcomeScreen.swift in Sources */ = {isa = PBXBuildFile; fileRef = 0BC2BAAC297A5F82007EDB45 /* WelcomeScreen.swift */; };
		0BC2BAB0297A5F82007EDB45 /* HomeScreen.swift in Sources */ = {isa = PBXBuildFile; fileRef = 0BC2BAAD297A5F82007EDB45 /* HomeScreen.swift */; };
		0BC2BABA297A5F9D007EDB45 /* SideMenuModel.swift in Sources */ = {isa = PBXBuildFile; fileRef = 0BC2BAB9297A5F9D007EDB45 /* SideMenuModel.swift */; };
		0BC2BAC0297A5FB3007EDB45 /* SideMenuCell.swift in Sources */ = {isa = PBXBuildFile; fileRef = 0BC2BABF297A5FB3007EDB45 /* SideMenuCell.swift */; };
		0BC2BAC7297A5FD4007EDB45 /* MainViewController.swift in Sources */ = {isa = PBXBuildFile; fileRef = 0BC2BAC6297A5FD4007EDB45 /* MainViewController.swift */; };
		0BC2BACB297A5FF1007EDB45 /* SideMenuViewController.swift in Sources */ = {isa = PBXBuildFile; fileRef = 0BC2BACA297A5FF1007EDB45 /* SideMenuViewController.swift */; };
		4EF63452C35512E16912656E /* Pods_sidemenuPodDemo1_Example.framework in Frameworks */ = {isa = PBXBuildFile; fileRef = 7C11FF9D4EA3928ABB2F71BA /* Pods_sidemenuPodDemo1_Example.framework */; };
		607FACD61AFB9204008FA782 /* AppDelegate.swift in Sources */ = {isa = PBXBuildFile; fileRef = 607FACD51AFB9204008FA782 /* AppDelegate.swift */; };
		607FACD81AFB9204008FA782 /* ViewController.swift in Sources */ = {isa = PBXBuildFile; fileRef = 607FACD71AFB9204008FA782 /* ViewController.swift */; };
		607FACDD1AFB9204008FA782 /* Images.xcassets in Resources */ = {isa = PBXBuildFile; fileRef = 607FACDC1AFB9204008FA782 /* Images.xcassets */; };
		607FACE01AFB9204008FA782 /* LaunchScreen.xib in Resources */ = {isa = PBXBuildFile; fileRef = 607FACDE1AFB9204008FA782 /* LaunchScreen.xib */; };
		607FACEC1AFB9204008FA782 /* Tests.swift in Sources */ = {isa = PBXBuildFile; fileRef = 607FACEB1AFB9204008FA782 /* Tests.swift */; };
		F1DCCC47C708C8E44B71E19B /* Pods_sidemenuPodDemo1_Tests.framework in Frameworks */ = {isa = PBXBuildFile; fileRef = F523DA89E67070C69BCCDB58 /* Pods_sidemenuPodDemo1_Tests.framework */; };
/* End PBXBuildFile section */

/* Begin PBXContainerItemProxy section */
		0B4F574F297923A1001E794B /* PBXContainerItemProxy */ = {
			isa = PBXContainerItemProxy;
			containerPortal = 0B4F5749297923A1001E794B /* Pods.xcodeproj */;
			proxyType = 2;
			remoteGlobalIDString = C610B4489DFAE073F8D4BDF59F54265F;
			remoteInfo = "Pods-sidemenuPodDemo1_Example";
		};
		0B4F5751297923A1001E794B /* PBXContainerItemProxy */ = {
			isa = PBXContainerItemProxy;
			containerPortal = 0B4F5749297923A1001E794B /* Pods.xcodeproj */;
			proxyType = 2;
			remoteGlobalIDString = 4680CF131E88613E973718F76219D1BF;
			remoteInfo = "Pods-sidemenuPodDemo1_Tests";
		};
		0B4F5753297923A1001E794B /* PBXContainerItemProxy */ = {
			isa = PBXContainerItemProxy;
			containerPortal = 0B4F5749297923A1001E794B /* Pods.xcodeproj */;
			proxyType = 2;
			remoteGlobalIDString = 872A6A2C1EB10DD81E2A0B80A7E4AEF9;
			remoteInfo = sidemenuPodDemo1;
		};
		607FACE61AFB9204008FA782 /* PBXContainerItemProxy */ = {
			isa = PBXContainerItemProxy;
			containerPortal = 607FACC81AFB9204008FA782 /* Project object */;
			proxyType = 1;
			remoteGlobalIDString = 607FACCF1AFB9204008FA782;
			remoteInfo = sidemenuPodDemo1;
		};
/* End PBXContainerItemProxy section */

/* Begin PBXFileReference section */
		0B4F5749297923A1001E794B /* Pods.xcodeproj */ = {isa = PBXFileReference; lastKnownFileType = "wrapper.pb-project"; name = Pods.xcodeproj; path = Pods/Pods.xcodeproj; sourceTree = "<group>"; };
		0B4F5768297936CF001E794B /* SideMenuCell.xib */ = {isa = PBXFileReference; lastKnownFileType = file.xib; path = SideMenuCell.xib; sourceTree = "<group>"; };
		0B4F577B29794B7D001E794B /* Main.storyboard */ = {isa = PBXFileReference; fileEncoding = 4; lastKnownFileType = file.storyboard; path = Main.storyboard; sourceTree = "<group>"; };
		0BC2BAAB297A5F82007EDB45 /* MusicScreen.swift */ = {isa = PBXFileReference; fileEncoding = 4; lastKnownFileType = sourcecode.swift; path = MusicScreen.swift; sourceTree = "<group>"; };
		0BC2BAAC297A5F82007EDB45 /* WelcomeScreen.swift */ = {isa = PBXFileReference; fileEncoding = 4; lastKnownFileType = sourcecode.swift; path = WelcomeScreen.swift; sourceTree = "<group>"; };
		0BC2BAAD297A5F82007EDB45 /* HomeScreen.swift */ = {isa = PBXFileReference; fileEncoding = 4; lastKnownFileType = sourcecode.swift; path = HomeScreen.swift; sourceTree = "<group>"; };
		0BC2BAB9297A5F9D007EDB45 /* SideMenuModel.swift */ = {isa = PBXFileReference; fileEncoding = 4; lastKnownFileType = sourcecode.swift; path = SideMenuModel.swift; sourceTree = "<group>"; };
		0BC2BABF297A5FB3007EDB45 /* SideMenuCell.swift */ = {isa = PBXFileReference; fileEncoding = 4; lastKnownFileType = sourcecode.swift; path = SideMenuCell.swift; sourceTree = "<group>"; };
		0BC2BAC6297A5FD4007EDB45 /* MainViewController.swift */ = {isa = PBXFileReference; fileEncoding = 4; lastKnownFileType = sourcecode.swift; path = MainViewController.swift; sourceTree = "<group>"; };
		0BC2BACA297A5FF1007EDB45 /* SideMenuViewController.swift */ = {isa = PBXFileReference; fileEncoding = 4; lastKnownFileType = sourcecode.swift; path = SideMenuViewController.swift; sourceTree = "<group>"; };
		0F0BB6590E43A76D9DA738E4 /* LICENSE */ = {isa = PBXFileReference; includeInIndex = 1; lastKnownFileType = text; name = LICENSE; path = ../LICENSE; sourceTree = "<group>"; };
		10391E6157AC27A863F00654 /* README.md */ = {isa = PBXFileReference; includeInIndex = 1; lastKnownFileType = net.daringfireball.markdown; name = README.md; path = ../README.md; sourceTree = "<group>"; };
		607FACD01AFB9204008FA782 /* sidemenuPodDemo1_Example.app */ = {isa = PBXFileReference; explicitFileType = wrapper.application; includeInIndex = 0; path = sidemenuPodDemo1_Example.app; sourceTree = BUILT_PRODUCTS_DIR; };
		607FACD41AFB9204008FA782 /* Info.plist */ = {isa = PBXFileReference; lastKnownFileType = text.plist.xml; path = Info.plist; sourceTree = "<group>"; };
		607FACD51AFB9204008FA782 /* AppDelegate.swift */ = {isa = PBXFileReference; lastKnownFileType = sourcecode.swift; path = AppDelegate.swift; sourceTree = "<group>"; };
		607FACD71AFB9204008FA782 /* ViewController.swift */ = {isa = PBXFileReference; lastKnownFileType = sourcecode.swift; path = ViewController.swift; sourceTree = "<group>"; };
		607FACDC1AFB9204008FA782 /* Images.xcassets */ = {isa = PBXFileReference; lastKnownFileType = folder.assetcatalog; path = Images.xcassets; sourceTree = "<group>"; };
		607FACDF1AFB9204008FA782 /* Base */ = {isa = PBXFileReference; lastKnownFileType = file.xib; name = Base; path = Base.lproj/LaunchScreen.xib; sourceTree = "<group>"; };
		607FACE51AFB9204008FA782 /* sidemenuPodDemo1_Tests.xctest */ = {isa = PBXFileReference; explicitFileType = wrapper.cfbundle; includeInIndex = 0; path = sidemenuPodDemo1_Tests.xctest; sourceTree = BUILT_PRODUCTS_DIR; };
		607FACEA1AFB9204008FA782 /* Info.plist */ = {isa = PBXFileReference; lastKnownFileType = text.plist.xml; path = Info.plist; sourceTree = "<group>"; };
		607FACEB1AFB9204008FA782 /* Tests.swift */ = {isa = PBXFileReference; lastKnownFileType = sourcecode.swift; path = Tests.swift; sourceTree = "<group>"; };
		72A25CB0DF28DBD3828C9547 /* Pods-sidemenuPodDemo1_Tests.release.xcconfig */ = {isa = PBXFileReference; includeInIndex = 1; lastKnownFileType = text.xcconfig; name = "Pods-sidemenuPodDemo1_Tests.release.xcconfig"; path = "Target Support Files/Pods-sidemenuPodDemo1_Tests/Pods-sidemenuPodDemo1_Tests.release.xcconfig"; sourceTree = "<group>"; };
		7BD5201825DE983AB0577A3B /* Pods-sidemenuPodDemo1_Example.release.xcconfig */ = {isa = PBXFileReference; includeInIndex = 1; lastKnownFileType = text.xcconfig; name = "Pods-sidemenuPodDemo1_Example.release.xcconfig"; path = "Target Support Files/Pods-sidemenuPodDemo1_Example/Pods-sidemenuPodDemo1_Example.release.xcconfig"; sourceTree = "<group>"; };
		7C11FF9D4EA3928ABB2F71BA /* Pods_sidemenuPodDemo1_Example.framework */ = {isa = PBXFileReference; explicitFileType = wrapper.framework; includeInIndex = 0; path = Pods_sidemenuPodDemo1_Example.framework; sourceTree = BUILT_PRODUCTS_DIR; };
		8F77AB0D1ABC575FF240C8DC /* Pods-sidemenuPodDemo1_Example.debug.xcconfig */ = {isa = PBXFileReference; includeInIndex = 1; lastKnownFileType = text.xcconfig; name = "Pods-sidemenuPodDemo1_Example.debug.xcconfig"; path = "Target Support Files/Pods-sidemenuPodDemo1_Example/Pods-sidemenuPodDemo1_Example.debug.xcconfig"; sourceTree = "<group>"; };
		9F0F56FA88334CA16FD5495D /* sidemenuPodDemo1.podspec */ = {isa = PBXFileReference; includeInIndex = 1; lastKnownFileType = text; name = sidemenuPodDemo1.podspec; path = ../sidemenuPodDemo1.podspec; sourceTree = "<group>"; xcLanguageSpecificationIdentifier = xcode.lang.ruby; };
		EF1FBCA464FC94EA3BC36C28 /* Pods-sidemenuPodDemo1_Tests.debug.xcconfig */ = {isa = PBXFileReference; includeInIndex = 1; lastKnownFileType = text.xcconfig; name = "Pods-sidemenuPodDemo1_Tests.debug.xcconfig"; path = "Target Support Files/Pods-sidemenuPodDemo1_Tests/Pods-sidemenuPodDemo1_Tests.debug.xcconfig"; sourceTree = "<group>"; };
		F523DA89E67070C69BCCDB58 /* Pods_sidemenuPodDemo1_Tests.framework */ = {isa = PBXFileReference; explicitFileType = wrapper.framework; includeInIndex = 0; path = Pods_sidemenuPodDemo1_Tests.framework; sourceTree = BUILT_PRODUCTS_DIR; };
/* End PBXFileReference section */

/* Begin PBXFrameworksBuildPhase section */
		607FACCD1AFB9204008FA782 /* Frameworks */ = {
			isa = PBXFrameworksBuildPhase;
			buildActionMask = 2147483647;
			files = (
				4EF63452C35512E16912656E /* Pods_sidemenuPodDemo1_Example.framework in Frameworks */,
			);
			runOnlyForDeploymentPostprocessing = 0;
		};
		607FACE21AFB9204008FA782 /* Frameworks */ = {
			isa = PBXFrameworksBuildPhase;
			buildActionMask = 2147483647;
			files = (
				F1DCCC47C708C8E44B71E19B /* Pods_sidemenuPodDemo1_Tests.framework in Frameworks */,
			);
			runOnlyForDeploymentPostprocessing = 0;
		};
/* End PBXFrameworksBuildPhase section */

/* Begin PBXGroup section */
		0B4F574A297923A1001E794B /* Products */ = {
			isa = PBXGroup;
			children = (
				0B4F5750297923A1001E794B /* Pods-sidemenuPodDemo1_Example */,
				0B4F5752297923A1001E794B /* Pods-sidemenuPodDemo1_Tests */,
				0B4F5754297923A1001E794B /* sidemenuPodDemo1 */,
			);
			name = Products;
			sourceTree = "<group>";
		};
		0BC2BAAA297A5F82007EDB45 /* Controllers */ = {
			isa = PBXGroup;
			children = (
				0BC2BAAB297A5F82007EDB45 /* MusicScreen.swift */,
				0BC2BAAC297A5F82007EDB45 /* WelcomeScreen.swift */,
				0BC2BAAD297A5F82007EDB45 /* HomeScreen.swift */,
			);
			path = Controllers;
			sourceTree = "<group>";
		};
		0BC2BAB8297A5F9D007EDB45 /* Model */ = {
			isa = PBXGroup;
			children = (
				0BC2BAB9297A5F9D007EDB45 /* SideMenuModel.swift */,
			);
			path = Model;
			sourceTree = "<group>";
		};
		0BC2BABE297A5FB3007EDB45 /* SideMenutableCell */ = {
			isa = PBXGroup;
			children = (
				0B4F5768297936CF001E794B /* SideMenuCell.xib */,
				0BC2BABF297A5FB3007EDB45 /* SideMenuCell.swift */,
			);
			path = SideMenutableCell;
			sourceTree = "<group>";
		};
		0BC2BAD1297A6C0B007EDB45 /* Source */ = {
			isa = PBXGroup;
			children = (
				0BC2BACA297A5FF1007EDB45 /* SideMenuViewController.swift */,
				0BC2BAC6297A5FD4007EDB45 /* MainViewController.swift */,
				0BC2BAAA297A5F82007EDB45 /* Controllers */,
				0BC2BAB8297A5F9D007EDB45 /* Model */,
			);
			path = Source;
			sourceTree = "<group>";
		};
		58F85CA29230FD3579137AB2 /* Frameworks */ = {
			isa = PBXGroup;
			children = (
				7C11FF9D4EA3928ABB2F71BA /* Pods_sidemenuPodDemo1_Example.framework */,
				F523DA89E67070C69BCCDB58 /* Pods_sidemenuPodDemo1_Tests.framework */,
			);
			name = Frameworks;
			sourceTree = "<group>";
		};
		607FACC71AFB9204008FA782 = {
			isa = PBXGroup;
			children = (
				0B4F5749297923A1001E794B /* Pods.xcodeproj */,
				0BC2BAD1297A6C0B007EDB45 /* Source */,
				607FACF51AFB993E008FA782 /* Podspec Metadata */,
				607FACD21AFB9204008FA782 /* Example for sidemenuPodDemo1 */,
				607FACE81AFB9204008FA782 /* Tests */,
				607FACD11AFB9204008FA782 /* Products */,
				99840BEFDE5A93F645AF20AF /* Pods */,
				58F85CA29230FD3579137AB2 /* Frameworks */,
			);
			sourceTree = "<group>";
		};
		607FACD11AFB9204008FA782 /* Products */ = {
			isa = PBXGroup;
			children = (
				607FACD01AFB9204008FA782 /* sidemenuPodDemo1_Example.app */,
				607FACE51AFB9204008FA782 /* sidemenuPodDemo1_Tests.xctest */,
			);
			name = Products;
			sourceTree = "<group>";
		};
		607FACD21AFB9204008FA782 /* Example for sidemenuPodDemo1 */ = {
			isa = PBXGroup;
			children = (
				607FACD51AFB9204008FA782 /* AppDelegate.swift */,
				607FACD71AFB9204008FA782 /* ViewController.swift */,
				0BC2BABE297A5FB3007EDB45 /* SideMenutableCell */,
				0B4F577B29794B7D001E794B /* Main.storyboard */,
				607FACDC1AFB9204008FA782 /* Images.xcassets */,
				607FACDE1AFB9204008FA782 /* LaunchScreen.xib */,
				607FACD31AFB9204008FA782 /* Supporting Files */,
			);
			name = "Example for sidemenuPodDemo1";
			path = sidemenuPodDemo1;
			sourceTree = "<group>";
		};
		607FACD31AFB9204008FA782 /* Supporting Files */ = {
			isa = PBXGroup;
			children = (
				607FACD41AFB9204008FA782 /* Info.plist */,
			);
			name = "Supporting Files";
			sourceTree = "<group>";
		};
		607FACE81AFB9204008FA782 /* Tests */ = {
			isa = PBXGroup;
			children = (
				607FACEB1AFB9204008FA782 /* Tests.swift */,
				607FACE91AFB9204008FA782 /* Supporting Files */,
			);
			path = Tests;
			sourceTree = "<group>";
		};
		607FACE91AFB9204008FA782 /* Supporting Files */ = {
			isa = PBXGroup;
			children = (
				607FACEA1AFB9204008FA782 /* Info.plist */,
			);
			name = "Supporting Files";
			sourceTree = "<group>";
		};
		607FACF51AFB993E008FA782 /* Podspec Metadata */ = {
			isa = PBXGroup;
			children = (
				9F0F56FA88334CA16FD5495D /* sidemenuPodDemo1.podspec */,
				10391E6157AC27A863F00654 /* README.md */,
				0F0BB6590E43A76D9DA738E4 /* LICENSE */,
			);
			name = "Podspec Metadata";
			sourceTree = "<group>";
		};
		99840BEFDE5A93F645AF20AF /* Pods */ = {
			isa = PBXGroup;
			children = (
				8F77AB0D1ABC575FF240C8DC /* Pods-sidemenuPodDemo1_Example.debug.xcconfig */,
				7BD5201825DE983AB0577A3B /* Pods-sidemenuPodDemo1_Example.release.xcconfig */,
				EF1FBCA464FC94EA3BC36C28 /* Pods-sidemenuPodDemo1_Tests.debug.xcconfig */,
				72A25CB0DF28DBD3828C9547 /* Pods-sidemenuPodDemo1_Tests.release.xcconfig */,
			);
			path = Pods;
			sourceTree = "<group>";
		};
/* End PBXGroup section */

/* Begin PBXNativeTarget section */
		607FACCF1AFB9204008FA782 /* sidemenuPodDemo1_Example */ = {
			isa = PBXNativeTarget;
			buildConfigurationList = 607FACEF1AFB9204008FA782 /* Build configuration list for PBXNativeTarget "sidemenuPodDemo1_Example" */;
			buildPhases = (
				E98781EA55B871A9D2DBE4AC /* [CP] Check Pods Manifest.lock */,
				607FACCC1AFB9204008FA782 /* Sources */,
				607FACCD1AFB9204008FA782 /* Frameworks */,
				607FACCE1AFB9204008FA782 /* Resources */,
				C5B6B48394727318590DACE3 /* [CP] Embed Pods Frameworks */,
			);
			buildRules = (
			);
			dependencies = (
			);
			name = sidemenuPodDemo1_Example;
			productName = sidemenuPodDemo1;
			productReference = 607FACD01AFB9204008FA782 /* sidemenuPodDemo1_Example.app */;
			productType = "com.apple.product-type.application";
		};
		607FACE41AFB9204008FA782 /* sidemenuPodDemo1_Tests */ = {
			isa = PBXNativeTarget;
			buildConfigurationList = 607FACF21AFB9204008FA782 /* Build configuration list for PBXNativeTarget "sidemenuPodDemo1_Tests" */;
			buildPhases = (
				7E7DF0CA06507AE9D75D4D7E /* [CP] Check Pods Manifest.lock */,
				607FACE11AFB9204008FA782 /* Sources */,
				607FACE21AFB9204008FA782 /* Frameworks */,
				607FACE31AFB9204008FA782 /* Resources */,
			);
			buildRules = (
			);
			dependencies = (
				607FACE71AFB9204008FA782 /* PBXTargetDependency */,
			);
			name = sidemenuPodDemo1_Tests;
			productName = Tests;
			productReference = 607FACE51AFB9204008FA782 /* sidemenuPodDemo1_Tests.xctest */;
			productType = "com.apple.product-type.bundle.unit-test";
		};
/* End PBXNativeTarget section */

/* Begin PBXProject section */
		607FACC81AFB9204008FA782 /* Project object */ = {
			isa = PBXProject;
			attributes = {
				LastSwiftUpdateCheck = 0830;
				LastUpgradeCheck = 0830;
				ORGANIZATIONNAME = CocoaPods;
				TargetAttributes = {
					607FACCF1AFB9204008FA782 = {
						CreatedOnToolsVersion = 6.3.1;
						LastSwiftMigration = 0900;
					};
					607FACE41AFB9204008FA782 = {
						CreatedOnToolsVersion = 6.3.1;
						LastSwiftMigration = 0900;
						TestTargetID = 607FACCF1AFB9204008FA782;
					};
				};
			};
			buildConfigurationList = 607FACCB1AFB9204008FA782 /* Build configuration list for PBXProject "sidemenuPodDemo1" */;
			compatibilityVersion = "Xcode 3.2";
			developmentRegion = English;
			hasScannedForEncodings = 0;
			knownRegions = (
				English,
				en,
				Base,
			);
			mainGroup = 607FACC71AFB9204008FA782;
			productRefGroup = 607FACD11AFB9204008FA782 /* Products */;
			projectDirPath = "";
			projectReferences = (
				{
					ProductGroup = 0B4F574A297923A1001E794B /* Products */;
					ProjectRef = 0B4F5749297923A1001E794B /* Pods.xcodeproj */;
				},
			);
			projectRoot = "";
			targets = (
				607FACCF1AFB9204008FA782 /* sidemenuPodDemo1_Example */,
				607FACE41AFB9204008FA782 /* sidemenuPodDemo1_Tests */,
			);
		};
/* End PBXProject section */

/* Begin PBXReferenceProxy section */
		0B4F5750297923A1001E794B /* Pods-sidemenuPodDemo1_Example */ = {
			isa = PBXReferenceProxy;
			fileType = wrapper.framework;
			name = "Pods-sidemenuPodDemo1_Example";
			path = Pods_sidemenuPodDemo1_Example.framework;
			remoteRef = 0B4F574F297923A1001E794B /* PBXContainerItemProxy */;
			sourceTree = BUILT_PRODUCTS_DIR;
		};
		0B4F5752297923A1001E794B /* Pods-sidemenuPodDemo1_Tests */ = {
			isa = PBXReferenceProxy;
			fileType = wrapper.framework;
			name = "Pods-sidemenuPodDemo1_Tests";
			path = Pods_sidemenuPodDemo1_Tests.framework;
			remoteRef = 0B4F5751297923A1001E794B /* PBXContainerItemProxy */;
			sourceTree = BUILT_PRODUCTS_DIR;
		};
		0B4F5754297923A1001E794B /* sidemenuPodDemo1 */ = {
			isa = PBXReferenceProxy;
			fileType = wrapper.framework;
			name = sidemenuPodDemo1;
			path = sidemenuPodDemo1.framework;
			remoteRef = 0B4F5753297923A1001E794B /* PBXContainerItemProxy */;
			sourceTree = BUILT_PRODUCTS_DIR;
		};
/* End PBXReferenceProxy section */

/* Begin PBXResourcesBuildPhase section */
		607FACCE1AFB9204008FA782 /* Resources */ = {
			isa = PBXResourcesBuildPhase;
			buildActionMask = 2147483647;
			files = (
				0B4F577C29794B7D001E794B /* Main.storyboard in Resources */,
				607FACE01AFB9204008FA782 /* LaunchScreen.xib in Resources */,
				607FACDD1AFB9204008FA782 /* Images.xcassets in Resources */,
				0B4F576A297936CF001E794B /* SideMenuCell.xib in Resources */,
			);
			runOnlyForDeploymentPostprocessing = 0;
		};
		607FACE31AFB9204008FA782 /* Resources */ = {
			isa = PBXResourcesBuildPhase;
			buildActionMask = 2147483647;
			files = (
				0B4F577D29794B7D001E794B /* Main.storyboard in Resources */,
			);
			runOnlyForDeploymentPostprocessing = 0;
		};
/* End PBXResourcesBuildPhase section */

/* Begin PBXShellScriptBuildPhase section */
		7E7DF0CA06507AE9D75D4D7E /* [CP] Check Pods Manifest.lock */ = {
			isa = PBXShellScriptBuildPhase;
			buildActionMask = 2147483647;
			files = (
			);
			inputFileListPaths = (
			);
			inputPaths = (
				"${PODS_PODFILE_DIR_PATH}/Podfile.lock",
				"${PODS_ROOT}/Manifest.lock",
			);
			name = "[CP] Check Pods Manifest.lock";
			outputFileListPaths = (
			);
			outputPaths = (
				"$(DERIVED_FILE_DIR)/Pods-sidemenuPodDemo1_Tests-checkManifestLockResult.txt",
			);
			runOnlyForDeploymentPostprocessing = 0;
			shellPath = /bin/sh;
			shellScript = "diff \"${PODS_PODFILE_DIR_PATH}/Podfile.lock\" \"${PODS_ROOT}/Manifest.lock\" > /dev/null\nif [ $? != 0 ] ; then\n    # print error to STDERR\n    echo \"error: The sandbox is not in sync with the Podfile.lock. Run 'pod install' or update your CocoaPods installation.\" >&2\n    exit 1\nfi\n# This output is used by Xcode 'outputs' to avoid re-running this script phase.\necho \"SUCCESS\" > \"${SCRIPT_OUTPUT_FILE_0}\"\n";
			showEnvVarsInLog = 0;
		};
		C5B6B48394727318590DACE3 /* [CP] Embed Pods Frameworks */ = {
			isa = PBXShellScriptBuildPhase;
			buildActionMask = 2147483647;
			files = (
			);
			inputPaths = (
				"${PODS_ROOT}/Target Support Files/Pods-sidemenuPodDemo1_Example/Pods-sidemenuPodDemo1_Example-frameworks.sh",
				"${BUILT_PRODUCTS_DIR}/sidemenuPodDemo1/sidemenuPodDemo1.framework",
			);
			name = "[CP] Embed Pods Frameworks";
			outputPaths = (
				"${TARGET_BUILD_DIR}/${FRAMEWORKS_FOLDER_PATH}/sidemenuPodDemo1.framework",
			);
			runOnlyForDeploymentPostprocessing = 0;
			shellPath = /bin/sh;
			shellScript = "\"${PODS_ROOT}/Target Support Files/Pods-sidemenuPodDemo1_Example/Pods-sidemenuPodDemo1_Example-frameworks.sh\"\n";
			showEnvVarsInLog = 0;
		};
		E98781EA55B871A9D2DBE4AC /* [CP] Check Pods Manifest.lock */ = {
			isa = PBXShellScriptBuildPhase;
			buildActionMask = 2147483647;
			files = (
			);
			inputFileListPaths = (
			);
			inputPaths = (
				"${PODS_PODFILE_DIR_PATH}/Podfile.lock",
				"${PODS_ROOT}/Manifest.lock",
			);
			name = "[CP] Check Pods Manifest.lock";
			outputFileListPaths = (
			);
			outputPaths = (
				"$(DERIVED_FILE_DIR)/Pods-sidemenuPodDemo1_Example-checkManifestLockResult.txt",
			);
			runOnlyForDeploymentPostprocessing = 0;
			shellPath = /bin/sh;
			shellScript = "diff \"${PODS_PODFILE_DIR_PATH}/Podfile.lock\" \"${PODS_ROOT}/Manifest.lock\" > /dev/null\nif [ $? != 0 ] ; then\n    # print error to STDERR\n    echo \"error: The sandbox is not in sync with the Podfile.lock. Run 'pod install' or update your CocoaPods installation.\" >&2\n    exit 1\nfi\n# This output is used by Xcode 'outputs' to avoid re-running this script phase.\necho \"SUCCESS\" > \"${SCRIPT_OUTPUT_FILE_0}\"\n";
			showEnvVarsInLog = 0;
		};
/* End PBXShellScriptBuildPhase section */

/* Begin PBXSourcesBuildPhase section */
		607FACCC1AFB9204008FA782 /* Sources */ = {
			isa = PBXSourcesBuildPhase;
			buildActionMask = 2147483647;
			files = (
				0BC2BAAE297A5F82007EDB45 /* MusicScreen.swift in Sources */,
				0BC2BAC0297A5FB3007EDB45 /* SideMenuCell.swift in Sources */,
				0BC2BABA297A5F9D007EDB45 /* SideMenuModel.swift in Sources */,
				0BC2BAB0297A5F82007EDB45 /* HomeScreen.swift in Sources */,
				607FACD81AFB9204008FA782 /* ViewController.swift in Sources */,
				0BC2BAAF297A5F82007EDB45 /* WelcomeScreen.swift in Sources */,
				607FACD61AFB9204008FA782 /* AppDelegate.swift in Sources */,
				0BC2BACB297A5FF1007EDB45 /* SideMenuViewController.swift in Sources */,
				0BC2BAC7297A5FD4007EDB45 /* MainViewController.swift in Sources */,
			);
			runOnlyForDeploymentPostprocessing = 0;
		};
		607FACE11AFB9204008FA782 /* Sources */ = {
			isa = PBXSourcesBuildPhase;
			buildActionMask = 2147483647;
			files = (
				607FACEC1AFB9204008FA782 /* Tests.swift in Sources */,
			);
			runOnlyForDeploymentPostprocessing = 0;
		};
/* End PBXSourcesBuildPhase section */

/* Begin PBXTargetDependency section */
		607FACE71AFB9204008FA782 /* PBXTargetDependency */ = {
			isa = PBXTargetDependency;
			target = 607FACCF1AFB9204008FA782 /* sidemenuPodDemo1_Example */;
			targetProxy = 607FACE61AFB9204008FA782 /* PBXContainerItemProxy */;
		};
/* End PBXTargetDependency section */

/* Begin PBXVariantGroup section */
		607FACDE1AFB9204008FA782 /* LaunchScreen.xib */ = {
			isa = PBXVariantGroup;
			children = (
				607FACDF1AFB9204008FA782 /* Base */,
			);
			name = LaunchScreen.xib;
			sourceTree = "<group>";
		};
/* End PBXVariantGroup section */

/* Begin XCBuildConfiguration section */
		607FACED1AFB9204008FA782 /* Debug */ = {
			isa = XCBuildConfiguration;
			buildSettings = {
				ALWAYS_SEARCH_USER_PATHS = NO;
				CLANG_CXX_LANGUAGE_STANDARD = "gnu++0x";
				CLANG_CXX_LIBRARY = "libc++";
				CLANG_ENABLE_MODULES = YES;
				CLANG_ENABLE_OBJC_ARC = YES;
				CLANG_WARN_BLOCK_CAPTURE_AUTORELEASING = YES;
				CLANG_WARN_BOOL_CONVERSION = YES;
				CLANG_WARN_COMMA = YES;
				CLANG_WARN_CONSTANT_CONVERSION = YES;
				CLANG_WARN_DIRECT_OBJC_ISA_USAGE = YES_ERROR;
				CLANG_WARN_EMPTY_BODY = YES;
				CLANG_WARN_ENUM_CONVERSION = YES;
				CLANG_WARN_INFINITE_RECURSION = YES;
				CLANG_WARN_INT_CONVERSION = YES;
				CLANG_WARN_NON_LITERAL_NULL_CONVERSION = YES;
				CLANG_WARN_OBJC_LITERAL_CONVERSION = YES;
				CLANG_WARN_OBJC_ROOT_CLASS = YES_ERROR;
				CLANG_WARN_RANGE_LOOP_ANALYSIS = YES;
				CLANG_WARN_STRICT_PROTOTYPES = YES;
				CLANG_WARN_SUSPICIOUS_MOVE = YES;
				CLANG_WARN_UNREACHABLE_CODE = YES;
				CLANG_WARN__DUPLICATE_METHOD_MATCH = YES;
				"CODE_SIGN_IDENTITY[sdk=iphoneos*]" = "iPhone Developer";
				COPY_PHASE_STRIP = NO;
				DEBUG_INFORMATION_FORMAT = "dwarf-with-dsym";
				ENABLE_STRICT_OBJC_MSGSEND = YES;
				ENABLE_TESTABILITY = YES;
				GCC_C_LANGUAGE_STANDARD = gnu99;
				GCC_DYNAMIC_NO_PIC = NO;
				GCC_NO_COMMON_BLOCKS = YES;
				GCC_OPTIMIZATION_LEVEL = 0;
				GCC_PREPROCESSOR_DEFINITIONS = (
					"DEBUG=1",
					"$(inherited)",
				);
				GCC_SYMBOLS_PRIVATE_EXTERN = NO;
				GCC_WARN_64_TO_32_BIT_CONVERSION = YES;
				GCC_WARN_ABOUT_RETURN_TYPE = YES_ERROR;
				GCC_WARN_UNDECLARED_SELECTOR = YES;
				GCC_WARN_UNINITIALIZED_AUTOS = YES_AGGRESSIVE;
				GCC_WARN_UNUSED_FUNCTION = YES;
				GCC_WARN_UNUSED_VARIABLE = YES;
				IPHONEOS_DEPLOYMENT_TARGET = 13.0;
				MTL_ENABLE_DEBUG_INFO = YES;
				ONLY_ACTIVE_ARCH = YES;
				SDKROOT = iphoneos;
				SWIFT_OPTIMIZATION_LEVEL = "-Onone";
			};
			name = Debug;
		};
		607FACEE1AFB9204008FA782 /* Release */ = {
			isa = XCBuildConfiguration;
			buildSettings = {
				ALWAYS_SEARCH_USER_PATHS = NO;
				CLANG_CXX_LANGUAGE_STANDARD = "gnu++0x";
				CLANG_CXX_LIBRARY = "libc++";
				CLANG_ENABLE_MODULES = YES;
				CLANG_ENABLE_OBJC_ARC = YES;
				CLANG_WARN_BLOCK_CAPTURE_AUTORELEASING = YES;
				CLANG_WARN_BOOL_CONVERSION = YES;
				CLANG_WARN_COMMA = YES;
				CLANG_WARN_CONSTANT_CONVERSION = YES;
				CLANG_WARN_DIRECT_OBJC_ISA_USAGE = YES_ERROR;
				CLANG_WARN_EMPTY_BODY = YES;
				CLANG_WARN_ENUM_CONVERSION = YES;
				CLANG_WARN_INFINITE_RECURSION = YES;
				CLANG_WARN_INT_CONVERSION = YES;
				CLANG_WARN_NON_LITERAL_NULL_CONVERSION = YES;
				CLANG_WARN_OBJC_LITERAL_CONVERSION = YES;
				CLANG_WARN_OBJC_ROOT_CLASS = YES_ERROR;
				CLANG_WARN_RANGE_LOOP_ANALYSIS = YES;
				CLANG_WARN_STRICT_PROTOTYPES = YES;
				CLANG_WARN_SUSPICIOUS_MOVE = YES;
				CLANG_WARN_UNREACHABLE_CODE = YES;
				CLANG_WARN__DUPLICATE_METHOD_MATCH = YES;
				"CODE_SIGN_IDENTITY[sdk=iphoneos*]" = "iPhone Developer";
				COPY_PHASE_STRIP = NO;
				DEBUG_INFORMATION_FORMAT = "dwarf-with-dsym";
				ENABLE_NS_ASSERTIONS = NO;
				ENABLE_STRICT_OBJC_MSGSEND = YES;
				GCC_C_LANGUAGE_STANDARD = gnu99;
				GCC_NO_COMMON_BLOCKS = YES;
				GCC_WARN_64_TO_32_BIT_CONVERSION = YES;
				GCC_WARN_ABOUT_RETURN_TYPE = YES_ERROR;
				GCC_WARN_UNDECLARED_SELECTOR = YES;
				GCC_WARN_UNINITIALIZED_AUTOS = YES_AGGRESSIVE;
				GCC_WARN_UNUSED_FUNCTION = YES;
				GCC_WARN_UNUSED_VARIABLE = YES;
				IPHONEOS_DEPLOYMENT_TARGET = 13.0;
				MTL_ENABLE_DEBUG_INFO = NO;
				SDKROOT = iphoneos;
				SWIFT_OPTIMIZATION_LEVEL = "-Owholemodule";
				VALIDATE_PRODUCT = YES;
			};
			name = Release;
		};
		607FACF01AFB9204008FA782 /* Debug */ = {
			isa = XCBuildConfiguration;
			baseConfigurationReference = 8F77AB0D1ABC575FF240C8DC /* Pods-sidemenuPodDemo1_Example.debug.xcconfig */;
			buildSettings = {
				ASSETCATALOG_COMPILER_APPICON_NAME = AppIcon;
				INFOPLIST_FILE = sidemenuPodDemo1/Info.plist;
				IPHONEOS_DEPLOYMENT_TARGET = 13.0;
				LD_RUNPATH_SEARCH_PATHS = "$(inherited) @executable_path/Frameworks";
				MODULE_NAME = ExampleApp;
				PRODUCT_BUNDLE_IDENTIFIER = "org.cocoapods.demo.$(PRODUCT_NAME:rfc1034identifier)";
				PRODUCT_NAME = "$(TARGET_NAME)";
				SWIFT_SWIFT3_OBJC_INFERENCE = Default;
				SWIFT_VERSION = 4.0;
			};
			name = Debug;
		};
		607FACF11AFB9204008FA782 /* Release */ = {
			isa = XCBuildConfiguration;
			baseConfigurationReference = 7BD5201825DE983AB0577A3B /* Pods-sidemenuPodDemo1_Example.release.xcconfig */;
			buildSettings = {
				ASSETCATALOG_COMPILER_APPICON_NAME = AppIcon;
				INFOPLIST_FILE = sidemenuPodDemo1/Info.plist;
				IPHONEOS_DEPLOYMENT_TARGET = 13.0;
				LD_RUNPATH_SEARCH_PATHS = "$(inherited) @executable_path/Frameworks";
				MODULE_NAME = ExampleApp;
				PRODUCT_BUNDLE_IDENTIFIER = "org.cocoapods.demo.$(PRODUCT_NAME:rfc1034identifier)";
				PRODUCT_NAME = "$(TARGET_NAME)";
				SWIFT_SWIFT3_OBJC_INFERENCE = Default;
				SWIFT_VERSION = 4.0;
			};
			name = Release;
		};
		607FACF31AFB9204008FA782 /* Debug */ = {
			isa = XCBuildConfiguration;
			baseConfigurationReference = EF1FBCA464FC94EA3BC36C28 /* Pods-sidemenuPodDemo1_Tests.debug.xcconfig */;
			buildSettings = {
				FRAMEWORK_SEARCH_PATHS = (
					"$(PLATFORM_DIR)/Developer/Library/Frameworks",
					"$(inherited)",
				);
				GCC_PREPROCESSOR_DEFINITIONS = (
					"DEBUG=1",
					"$(inherited)",
				);
				INFOPLIST_FILE = Tests/Info.plist;
				LD_RUNPATH_SEARCH_PATHS = "$(inherited) @executable_path/Frameworks @loader_path/Frameworks";
				PRODUCT_BUNDLE_IDENTIFIER = "org.cocoapods.$(PRODUCT_NAME:rfc1034identifier)";
				PRODUCT_NAME = "$(TARGET_NAME)";
				SWIFT_SWIFT3_OBJC_INFERENCE = Default;
				SWIFT_VERSION = 4.0;
				TEST_HOST = "$(BUILT_PRODUCTS_DIR)/sidemenuPodDemo1_Example.app/sidemenuPodDemo1_Example";
			};
			name = Debug;
		};
		607FACF41AFB9204008FA782 /* Release */ = {
			isa = XCBuildConfiguration;
			baseConfigurationReference = 72A25CB0DF28DBD3828C9547 /* Pods-sidemenuPodDemo1_Tests.release.xcconfig */;
			buildSettings = {
				FRAMEWORK_SEARCH_PATHS = (
					"$(PLATFORM_DIR)/Developer/Library/Frameworks",
					"$(inherited)",
				);
				INFOPLIST_FILE = Tests/Info.plist;
				LD_RUNPATH_SEARCH_PATHS = "$(inherited) @executable_path/Frameworks @loader_path/Frameworks";
				PRODUCT_BUNDLE_IDENTIFIER = "org.cocoapods.$(PRODUCT_NAME:rfc1034identifier)";
				PRODUCT_NAME = "$(TARGET_NAME)";
				SWIFT_SWIFT3_OBJC_INFERENCE = Default;
				SWIFT_VERSION = 4.0;
				TEST_HOST = "$(BUILT_PRODUCTS_DIR)/sidemenuPodDemo1_Example.app/sidemenuPodDemo1_Example";
			};
			name = Release;
		};
/* End XCBuildConfiguration section */

/* Begin XCConfigurationList section */
		607FACCB1AFB9204008FA782 /* Build configuration list for PBXProject "sidemenuPodDemo1" */ = {
			isa = XCConfigurationList;
			buildConfigurations = (
				607FACED1AFB9204008FA782 /* Debug */,
				607FACEE1AFB9204008FA782 /* Release */,
			);
			defaultConfigurationIsVisible = 0;
			defaultConfigurationName = Release;
		};
		607FACEF1AFB9204008FA782 /* Build configuration list for PBXNativeTarget "sidemenuPodDemo1_Example" */ = {
			isa = XCConfigurationList;
			buildConfigurations = (
				607FACF01AFB9204008FA782 /* Debug */,
				607FACF11AFB9204008FA782 /* Release */,
			);
			defaultConfigurationIsVisible = 0;
			defaultConfigurationName = Release;
		};
		607FACF21AFB9204008FA782 /* Build configuration list for PBXNativeTarget "sidemenuPodDemo1_Tests" */ = {
			isa = XCConfigurationList;
			buildConfigurations = (
				607FACF31AFB9204008FA782 /* Debug */,
				607FACF41AFB9204008FA782 /* Release */,
			);
			defaultConfigurationIsVisible = 0;
			defaultConfigurationName = Release;
		};
/* End XCConfigurationList section */
	};
	rootObject = 607FACC81AFB9204008FA782 /* Project object */;
}
